
Microsoft Visual Studio Solution File, Format Version 12.00
# Visual Studio Version 16
VisualStudioVersion = 16.0.30523.141
MinimumVisualStudioVersion = 10.0.40219.1
Project("{9A19103F-16F7-4668-BE54-9A1E7A4F7556}") = "LogToCSVConverter", "LogToCSVConverter\LogToCSVConverter.csproj", "{6713B932-F607-47FF-BE9E-B3EDA1F12D92}"
EndProject
Project("{FAE04EC0-301F-11D3-BF4B-00C04F79EFBC}") = "NUnitLogToCSV", "NUnitTestProject1\NUnitLogToCSV.csproj", "{46A7D500-1506-40E5-ACAF-3067520B5A13}"
EndProject
Global
	GlobalSection(SolutionConfigurationPlatforms) = preSolution
		Debug|Any CPU = Debug|Any CPU
		Release|Any CPU = Release|Any CPU
	EndGlobalSection
	GlobalSection(ProjectConfigurationPlatforms) = postSolution
		{6713B932-F607-47FF-BE9E-B3EDA1F12D92}.Debug|Any CPU.ActiveCfg = Debug|Any CPU
		{6713B932-F607-47FF-BE9E-B3EDA1F12D92}.Debug|Any CPU.Build.0 = Debug|Any CPU
		{6713B932-F607-47FF-BE9E-B3EDA1F12D92}.Release|Any CPU.ActiveCfg = Release|Any CPU
		{6713B932-F607-47FF-BE9E-B3EDA1F12D92}.Release|Any CPU.Build.0 = Release|Any CPU
		{46A7D500-1506-40E5-ACAF-3067520B5A13}.Debug|Any CPU.ActiveCfg = Debug|Any CPU
		{46A7D500-1506-40E5-ACAF-3067520B5A13}.Debug|Any CPU.Build.0 = Debug|Any CPU
		{46A7D500-1506-40E5-ACAF-3067520B5A13}.Release|Any CPU.ActiveCfg = Release|Any CPU
		{46A7D500-1506-40E5-ACAF-3067520B5A13}.Release|Any CPU.Build.0 = Release|Any CPU
	EndGlobalSection
	GlobalSection(SolutionProperties) = preSolution
		HideSolutionNode = FALSE
	EndGlobalSection
	GlobalSection(ExtensibilityGlobals) = postSolution
		SolutionGuid = {52C086A8-9FC9-44FC-A334-6DA110B3BF52}
	EndGlobalSection
EndGlobal
